// !$*UTF8*$!
{
	archiveVersion = 1;
	classes = {
	};
	objectVersion = 56;
	objects = {

/* Begin PBXBuildFile section */
		094FAC502A98FED40068B3E8 /* AppDelegate.swift in Sources */ = {isa = PBXBuildFile; fileRef = 094FAC4F2A98FED40068B3E8 /* AppDelegate.swift */; };
		094FAC522A98FED40068B3E8 /* SceneDelegate.swift in Sources */ = {isa = PBXBuildFile; fileRef = 094FAC512A98FED40068B3E8 /* SceneDelegate.swift */; };
		094FAC592A98FED60068B3E8 /* Assets.xcassets in Resources */ = {isa = PBXBuildFile; fileRef = 094FAC582A98FED60068B3E8 /* Assets.xcassets */; };
		094FAC5C2A98FED60068B3E8 /* LaunchScreen.storyboard in Resources */ = {isa = PBXBuildFile; fileRef = 094FAC5A2A98FED60068B3E8 /* LaunchScreen.storyboard */; };
		094FAC672A98FED60068B3E8 /* AvitoTehProjectTests.swift in Sources */ = {isa = PBXBuildFile; fileRef = 094FAC662A98FED60068B3E8 /* AvitoTehProjectTests.swift */; };
		094FAC712A98FED60068B3E8 /* AvitoTehProjectUITests.swift in Sources */ = {isa = PBXBuildFile; fileRef = 094FAC702A98FED60068B3E8 /* AvitoTehProjectUITests.swift */; };
		094FAC732A98FED60068B3E8 /* AvitoTehProjectUITestsLaunchTests.swift in Sources */ = {isa = PBXBuildFile; fileRef = 094FAC722A98FED60068B3E8 /* AvitoTehProjectUITestsLaunchTests.swift */; };
		094FAC852A99029D0068B3E8 /* ListViewController.swift in Sources */ = {isa = PBXBuildFile; fileRef = 094FAC842A99029D0068B3E8 /* ListViewController.swift */; };
		094FAC882A99030B0068B3E8 /* SnapKit in Frameworks */ = {isa = PBXBuildFile; productRef = 094FAC872A99030B0068B3E8 /* SnapKit */; };
		094FAC8A2A990BA00068B3E8 /* DetailViewController.swift in Sources */ = {isa = PBXBuildFile; fileRef = 094FAC892A990BA00068B3E8 /* DetailViewController.swift */; };
		094FAC8C2A990BB80068B3E8 /* Product.swift in Sources */ = {isa = PBXBuildFile; fileRef = 094FAC8B2A990BB80068B3E8 /* Product.swift */; };
		094FAC8E2A990BCF0068B3E8 /* ProductManager.swift in Sources */ = {isa = PBXBuildFile; fileRef = 094FAC8D2A990BCF0068B3E8 /* ProductManager.swift */; };
		094FAC902A990BE20068B3E8 /* ListCollectionView.swift in Sources */ = {isa = PBXBuildFile; fileRef = 094FAC8F2A990BE20068B3E8 /* ListCollectionView.swift */; };
		094FAC922A990BEF0068B3E8 /* DetailView.swift in Sources */ = {isa = PBXBuildFile; fileRef = 094FAC912A990BEF0068B3E8 /* DetailView.swift */; };
		094FAC952A990FF30068B3E8 /* ProductCell.swift in Sources */ = {isa = PBXBuildFile; fileRef = 094FAC942A990FF30068B3E8 /* ProductCell.swift */; };
/* End PBXBuildFile section */

/* Begin PBXContainerItemProxy section */
		094FAC632A98FED60068B3E8 /* PBXContainerItemProxy */ = {
			isa = PBXContainerItemProxy;
			containerPortal = 094FAC442A98FED40068B3E8 /* Project object */;
			proxyType = 1;
			remoteGlobalIDString = 094FAC4B2A98FED40068B3E8;
			remoteInfo = AvitoTehProject;
		};
		094FAC6D2A98FED60068B3E8 /* PBXContainerItemProxy */ = {
			isa = PBXContainerItemProxy;
			containerPortal = 094FAC442A98FED40068B3E8 /* Project object */;
			proxyType = 1;
			remoteGlobalIDString = 094FAC4B2A98FED40068B3E8;
			remoteInfo = AvitoTehProject;
		};
/* End PBXContainerItemProxy section */

/* Begin PBXFileReference section */
		094FAC4C2A98FED40068B3E8 /* AvitoTehProject.app */ = {isa = PBXFileReference; explicitFileType = wrapper.application; includeInIndex = 0; path = AvitoTehProject.app; sourceTree = BUILT_PRODUCTS_DIR; };
		094FAC4F2A98FED40068B3E8 /* AppDelegate.swift */ = {isa = PBXFileReference; lastKnownFileType = sourcecode.swift; path = AppDelegate.swift; sourceTree = "<group>"; };
		094FAC512A98FED40068B3E8 /* SceneDelegate.swift */ = {isa = PBXFileReference; lastKnownFileType = sourcecode.swift; path = SceneDelegate.swift; sourceTree = "<group>"; };
		094FAC582A98FED60068B3E8 /* Assets.xcassets */ = {isa = PBXFileReference; lastKnownFileType = folder.assetcatalog; path = Assets.xcassets; sourceTree = "<group>"; };
		094FAC5B2A98FED60068B3E8 /* Base */ = {isa = PBXFileReference; lastKnownFileType = file.storyboard; name = Base; path = Base.lproj/LaunchScreen.storyboard; sourceTree = "<group>"; };
		094FAC5D2A98FED60068B3E8 /* Info.plist */ = {isa = PBXFileReference; lastKnownFileType = text.plist.xml; path = Info.plist; sourceTree = "<group>"; };
		094FAC622A98FED60068B3E8 /* AvitoTehProjectTests.xctest */ = {isa = PBXFileReference; explicitFileType = wrapper.cfbundle; includeInIndex = 0; path = AvitoTehProjectTests.xctest; sourceTree = BUILT_PRODUCTS_DIR; };
		094FAC662A98FED60068B3E8 /* AvitoTehProjectTests.swift */ = {isa = PBXFileReference; lastKnownFileType = sourcecode.swift; path = AvitoTehProjectTests.swift; sourceTree = "<group>"; };
		094FAC6C2A98FED60068B3E8 /* AvitoTehProjectUITests.xctest */ = {isa = PBXFileReference; explicitFileType = wrapper.cfbundle; includeInIndex = 0; path = AvitoTehProjectUITests.xctest; sourceTree = BUILT_PRODUCTS_DIR; };
		094FAC702A98FED60068B3E8 /* AvitoTehProjectUITests.swift */ = {isa = PBXFileReference; lastKnownFileType = sourcecode.swift; path = AvitoTehProjectUITests.swift; sourceTree = "<group>"; };
		094FAC722A98FED60068B3E8 /* AvitoTehProjectUITestsLaunchTests.swift */ = {isa = PBXFileReference; lastKnownFileType = sourcecode.swift; path = AvitoTehProjectUITestsLaunchTests.swift; sourceTree = "<group>"; };
		094FAC842A99029D0068B3E8 /* ListViewController.swift */ = {isa = PBXFileReference; lastKnownFileType = sourcecode.swift; path = ListViewController.swift; sourceTree = "<group>"; };
		094FAC892A990BA00068B3E8 /* DetailViewController.swift */ = {isa = PBXFileReference; lastKnownFileType = sourcecode.swift; path = DetailViewController.swift; sourceTree = "<group>"; };
		094FAC8B2A990BB80068B3E8 /* Product.swift */ = {isa = PBXFileReference; lastKnownFileType = sourcecode.swift; path = Product.swift; sourceTree = "<group>"; };
		094FAC8D2A990BCF0068B3E8 /* ProductManager.swift */ = {isa = PBXFileReference; lastKnownFileType = sourcecode.swift; path = ProductManager.swift; sourceTree = "<group>"; };
		094FAC8F2A990BE20068B3E8 /* ListCollectionView.swift */ = {isa = PBXFileReference; lastKnownFileType = sourcecode.swift; path = ListCollectionView.swift; sourceTree = "<group>"; };
		094FAC912A990BEF0068B3E8 /* DetailView.swift */ = {isa = PBXFileReference; lastKnownFileType = sourcecode.swift; path = DetailView.swift; sourceTree = "<group>"; };
		094FAC942A990FF30068B3E8 /* ProductCell.swift */ = {isa = PBXFileReference; lastKnownFileType = sourcecode.swift; path = ProductCell.swift; sourceTree = "<group>"; };
/* End PBXFileReference section */

/* Begin PBXFrameworksBuildPhase section */
		094FAC492A98FED40068B3E8 /* Frameworks */ = {
			isa = PBXFrameworksBuildPhase;
			buildActionMask = 2147483647;
			files = (
				094FAC882A99030B0068B3E8 /* SnapKit in Frameworks */,
			);
			runOnlyForDeploymentPostprocessing = 0;
		};
		094FAC5F2A98FED60068B3E8 /* Frameworks */ = {
			isa = PBXFrameworksBuildPhase;
			buildActionMask = 2147483647;
			files = (
			);
			runOnlyForDeploymentPostprocessing = 0;
		};
		094FAC692A98FED60068B3E8 /* Frameworks */ = {
			isa = PBXFrameworksBuildPhase;
			buildActionMask = 2147483647;
			files = (
			);
			runOnlyForDeploymentPostprocessing = 0;
		};
/* End PBXFrameworksBuildPhase section */

/* Begin PBXGroup section */
		094FAC432A98FED40068B3E8 = {
			isa = PBXGroup;
			children = (
				094FAC4E2A98FED40068B3E8 /* AvitoTehProject */,
				094FAC652A98FED60068B3E8 /* AvitoTehProjectTests */,
				094FAC6F2A98FED60068B3E8 /* AvitoTehProjectUITests */,
				094FAC4D2A98FED40068B3E8 /* Products */,
			);
			sourceTree = "<group>";
		};
		094FAC4D2A98FED40068B3E8 /* Products */ = {
			isa = PBXGroup;
			children = (
				094FAC4C2A98FED40068B3E8 /* AvitoTehProject.app */,
				094FAC622A98FED60068B3E8 /* AvitoTehProjectTests.xctest */,
				094FAC6C2A98FED60068B3E8 /* AvitoTehProjectUITests.xctest */,
			);
			name = Products;
			sourceTree = "<group>";
		};
		094FAC4E2A98FED40068B3E8 /* AvitoTehProject */ = {
			isa = PBXGroup;
			children = (
				094FAC7F2A99010D0068B3E8 /* Application */,
				094FAC802A9901590068B3E8 /* Resources */,
				094FAC822A99027D0068B3E8 /* ViewControllers */,
				094FAC812A9902740068B3E8 /* Models */,
				094FAC832A9902880068B3E8 /* Views */,
				094FAC932A990FE60068B3E8 /* Cell */,
			);
			path = AvitoTehProject;
			sourceTree = "<group>";
		};
		094FAC652A98FED60068B3E8 /* AvitoTehProjectTests */ = {
			isa = PBXGroup;
			children = (
				094FAC662A98FED60068B3E8 /* AvitoTehProjectTests.swift */,
			);
			path = AvitoTehProjectTests;
			sourceTree = "<group>";
		};
		094FAC6F2A98FED60068B3E8 /* AvitoTehProjectUITests */ = {
			isa = PBXGroup;
			children = (
				094FAC702A98FED60068B3E8 /* AvitoTehProjectUITests.swift */,
				094FAC722A98FED60068B3E8 /* AvitoTehProjectUITestsLaunchTests.swift */,
			);
			path = AvitoTehProjectUITests;
			sourceTree = "<group>";
		};
		094FAC7F2A99010D0068B3E8 /* Application */ = {
			isa = PBXGroup;
			children = (
				094FAC4F2A98FED40068B3E8 /* AppDelegate.swift */,
				094FAC512A98FED40068B3E8 /* SceneDelegate.swift */,
			);
			path = Application;
			sourceTree = "<group>";
		};
		094FAC802A9901590068B3E8 /* Resources */ = {
			isa = PBXGroup;
			children = (
				094FAC582A98FED60068B3E8 /* Assets.xcassets */,
				094FAC5A2A98FED60068B3E8 /* LaunchScreen.storyboard */,
				094FAC5D2A98FED60068B3E8 /* Info.plist */,
			);
			path = Resources;
			sourceTree = "<group>";
		};
		094FAC812A9902740068B3E8 /* Models */ = {
			isa = PBXGroup;
			children = (
				094FAC8B2A990BB80068B3E8 /* Product.swift */,
				094FAC8D2A990BCF0068B3E8 /* ProductManager.swift */,
			);
			path = Models;
			sourceTree = "<group>";
		};
		094FAC822A99027D0068B3E8 /* ViewControllers */ = {
			isa = PBXGroup;
			children = (
				094FAC842A99029D0068B3E8 /* ListViewController.swift */,
				094FAC892A990BA00068B3E8 /* DetailViewController.swift */,
			);
			path = ViewControllers;
			sourceTree = "<group>";
		};
		094FAC832A9902880068B3E8 /* Views */ = {
			isa = PBXGroup;
			children = (
				094FAC8F2A990BE20068B3E8 /* ListCollectionView.swift */,
				094FAC912A990BEF0068B3E8 /* DetailView.swift */,
			);
			path = Views;
			sourceTree = "<group>";
		};
		094FAC932A990FE60068B3E8 /* Cell */ = {
			isa = PBXGroup;
			children = (
				094FAC942A990FF30068B3E8 /* ProductCell.swift */,
			);
			path = Cell;
			sourceTree = "<group>";
		};
/* End PBXGroup section */

/* Begin PBXNativeTarget section */
		094FAC4B2A98FED40068B3E8 /* AvitoTehProject */ = {
			isa = PBXNativeTarget;
			buildConfigurationList = 094FAC762A98FED60068B3E8 /* Build configuration list for PBXNativeTarget "AvitoTehProject" */;
			buildPhases = (
				094FAC482A98FED40068B3E8 /* Sources */,
				094FAC492A98FED40068B3E8 /* Frameworks */,
				094FAC4A2A98FED40068B3E8 /* Resources */,
			);
			buildRules = (
			);
			dependencies = (
			);
			name = AvitoTehProject;
			packageProductDependencies = (
				094FAC872A99030B0068B3E8 /* SnapKit */,
			);
			productName = AvitoTehProject;
			productReference = 094FAC4C2A98FED40068B3E8 /* AvitoTehProject.app */;
			productType = "com.apple.product-type.application";
		};
		094FAC612A98FED60068B3E8 /* AvitoTehProjectTests */ = {
			isa = PBXNativeTarget;
			buildConfigurationList = 094FAC792A98FED60068B3E8 /* Build configuration list for PBXNativeTarget "AvitoTehProjectTests" */;
			buildPhases = (
				094FAC5E2A98FED60068B3E8 /* Sources */,
				094FAC5F2A98FED60068B3E8 /* Frameworks */,
				094FAC602A98FED60068B3E8 /* Resources */,
			);
			buildRules = (
			);
			dependencies = (
				094FAC642A98FED60068B3E8 /* PBXTargetDependency */,
			);
			name = AvitoTehProjectTests;
			productName = AvitoTehProjectTests;
			productReference = 094FAC622A98FED60068B3E8 /* AvitoTehProjectTests.xctest */;
			productType = "com.apple.product-type.bundle.unit-test";
		};
		094FAC6B2A98FED60068B3E8 /* AvitoTehProjectUITests */ = {
			isa = PBXNativeTarget;
			buildConfigurationList = 094FAC7C2A98FED60068B3E8 /* Build configuration list for PBXNativeTarget "AvitoTehProjectUITests" */;
			buildPhases = (
				094FAC682A98FED60068B3E8 /* Sources */,
				094FAC692A98FED60068B3E8 /* Frameworks */,
				094FAC6A2A98FED60068B3E8 /* Resources */,
			);
			buildRules = (
			);
			dependencies = (
				094FAC6E2A98FED60068B3E8 /* PBXTargetDependency */,
			);
			name = AvitoTehProjectUITests;
			productName = AvitoTehProjectUITests;
			productReference = 094FAC6C2A98FED60068B3E8 /* AvitoTehProjectUITests.xctest */;
			productType = "com.apple.product-type.bundle.ui-testing";
		};
/* End PBXNativeTarget section */

/* Begin PBXProject section */
		094FAC442A98FED40068B3E8 /* Project object */ = {
			isa = PBXProject;
			attributes = {
				BuildIndependentTargetsInParallel = 1;
				LastSwiftUpdateCheck = 1430;
				LastUpgradeCheck = 1430;
				TargetAttributes = {
					094FAC4B2A98FED40068B3E8 = {
						CreatedOnToolsVersion = 14.3.1;
					};
					094FAC612A98FED60068B3E8 = {
						CreatedOnToolsVersion = 14.3.1;
						TestTargetID = 094FAC4B2A98FED40068B3E8;
					};
					094FAC6B2A98FED60068B3E8 = {
						CreatedOnToolsVersion = 14.3.1;
						TestTargetID = 094FAC4B2A98FED40068B3E8;
					};
				};
			};
			buildConfigurationList = 094FAC472A98FED40068B3E8 /* Build configuration list for PBXProject "AvitoTehProject" */;
			compatibilityVersion = "Xcode 14.0";
			developmentRegion = en;
			hasScannedForEncodings = 0;
			knownRegions = (
				en,
				Base,
			);
			mainGroup = 094FAC432A98FED40068B3E8;
			packageReferences = (
				094FAC862A99030B0068B3E8 /* XCRemoteSwiftPackageReference "SnapKit" */,
			);
			productRefGroup = 094FAC4D2A98FED40068B3E8 /* Products */;
			projectDirPath = "";
			projectRoot = "";
			targets = (
				094FAC4B2A98FED40068B3E8 /* AvitoTehProject */,
				094FAC612A98FED60068B3E8 /* AvitoTehProjectTests */,
				094FAC6B2A98FED60068B3E8 /* AvitoTehProjectUITests */,
			);
		};
/* End PBXProject section */

/* Begin PBXResourcesBuildPhase section */
		094FAC4A2A98FED40068B3E8 /* Resources */ = {
			isa = PBXResourcesBuildPhase;
			buildActionMask = 2147483647;
			files = (
				094FAC5C2A98FED60068B3E8 /* LaunchScreen.storyboard in Resources */,
				094FAC592A98FED60068B3E8 /* Assets.xcassets in Resources */,
			);
			runOnlyForDeploymentPostprocessing = 0;
		};
		094FAC602A98FED60068B3E8 /* Resources */ = {
			isa = PBXResourcesBuildPhase;
			buildActionMask = 2147483647;
			files = (
			);
			runOnlyForDeploymentPostprocessing = 0;
		};
		094FAC6A2A98FED60068B3E8 /* Resources */ = {
			isa = PBXResourcesBuildPhase;
			buildActionMask = 2147483647;
			files = (
			);
			runOnlyForDeploymentPostprocessing = 0;
		};
/* End PBXResourcesBuildPhase section */

/* Begin PBXSourcesBuildPhase section */
		094FAC482A98FED40068B3E8 /* Sources */ = {
			isa = PBXSourcesBuildPhase;
			buildActionMask = 2147483647;
			files = (
				094FAC502A98FED40068B3E8 /* AppDelegate.swift in Sources */,
				094FAC922A990BEF0068B3E8 /* DetailView.swift in Sources */,
				094FAC902A990BE20068B3E8 /* ListCollectionView.swift in Sources */,
				094FAC8E2A990BCF0068B3E8 /* ProductManager.swift in Sources */,
				094FAC522A98FED40068B3E8 /* SceneDelegate.swift in Sources */,
				094FAC8C2A990BB80068B3E8 /* Product.swift in Sources */,
				094FAC952A990FF30068B3E8 /* ProductCell.swift in Sources */,
				094FAC852A99029D0068B3E8 /* ListViewController.swift in Sources */,
				094FAC8A2A990BA00068B3E8 /* DetailViewController.swift in Sources */,
			);
			runOnlyForDeploymentPostprocessing = 0;
		};
		094FAC5E2A98FED60068B3E8 /* Sources */ = {
			isa = PBXSourcesBuildPhase;
			buildActionMask = 2147483647;
			files = (
				094FAC672A98FED60068B3E8 /* AvitoTehProjectTests.swift in Sources */,
			);
			runOnlyForDeploymentPostprocessing = 0;
		};
		094FAC682A98FED60068B3E8 /* Sources */ = {
			isa = PBXSourcesBuildPhase;
			buildActionMask = 2147483647;
			files = (
				094FAC732A98FED60068B3E8 /* AvitoTehProjectUITestsLaunchTests.swift in Sources */,
				094FAC712A98FED60068B3E8 /* AvitoTehProjectUITests.swift in Sources */,
			);
			runOnlyForDeploymentPostprocessing = 0;
		};
/* End PBXSourcesBuildPhase section */

/* Begin PBXTargetDependency section */
		094FAC642A98FED60068B3E8 /* PBXTargetDependency */ = {
			isa = PBXTargetDependency;
			target = 094FAC4B2A98FED40068B3E8 /* AvitoTehProject */;
			targetProxy = 094FAC632A98FED60068B3E8 /* PBXContainerItemProxy */;
		};
		094FAC6E2A98FED60068B3E8 /* PBXTargetDependency */ = {
			isa = PBXTargetDependency;
			target = 094FAC4B2A98FED40068B3E8 /* AvitoTehProject */;
			targetProxy = 094FAC6D2A98FED60068B3E8 /* PBXContainerItemProxy */;
		};
/* End PBXTargetDependency section */

/* Begin PBXVariantGroup section */
		094FAC5A2A98FED60068B3E8 /* LaunchScreen.storyboard */ = {
			isa = PBXVariantGroup;
			children = (
				094FAC5B2A98FED60068B3E8 /* Base */,
			);
			name = LaunchScreen.storyboard;
			sourceTree = "<group>";
		};
/* End PBXVariantGroup section */

/* Begin XCBuildConfiguration section */
		094FAC742A98FED60068B3E8 /* Debug */ = {
			isa = XCBuildConfiguration;
			buildSettings = {
				ALWAYS_SEARCH_USER_PATHS = NO;
				CLANG_ANALYZER_NONNULL = YES;
				CLANG_ANALYZER_NUMBER_OBJECT_CONVERSION = YES_AGGRESSIVE;
				CLANG_CXX_LANGUAGE_STANDARD = "gnu++20";
				CLANG_ENABLE_MODULES = YES;
				CLANG_ENABLE_OBJC_ARC = YES;
				CLANG_ENABLE_OBJC_WEAK = YES;
				CLANG_WARN_BLOCK_CAPTURE_AUTORELEASING = YES;
				CLANG_WARN_BOOL_CONVERSION = YES;
				CLANG_WARN_COMMA = YES;
				CLANG_WARN_CONSTANT_CONVERSION = YES;
				CLANG_WARN_DEPRECATED_OBJC_IMPLEMENTATIONS = YES;
				CLANG_WARN_DIRECT_OBJC_ISA_USAGE = YES_ERROR;
				CLANG_WARN_DOCUMENTATION_COMMENTS = YES;
				CLANG_WARN_EMPTY_BODY = YES;
				CLANG_WARN_ENUM_CONVERSION = YES;
				CLANG_WARN_INFINITE_RECURSION = YES;
				CLANG_WARN_INT_CONVERSION = YES;
				CLANG_WARN_NON_LITERAL_NULL_CONVERSION = YES;
				CLANG_WARN_OBJC_IMPLICIT_RETAIN_SELF = YES;
				CLANG_WARN_OBJC_LITERAL_CONVERSION = YES;
				CLANG_WARN_OBJC_ROOT_CLASS = YES_ERROR;
				CLANG_WARN_QUOTED_INCLUDE_IN_FRAMEWORK_HEADER = YES;
				CLANG_WARN_RANGE_LOOP_ANALYSIS = YES;
				CLANG_WARN_STRICT_PROTOTYPES = YES;
				CLANG_WARN_SUSPICIOUS_MOVE = YES;
				CLANG_WARN_UNGUARDED_AVAILABILITY = YES_AGGRESSIVE;
				CLANG_WARN_UNREACHABLE_CODE = YES;
				CLANG_WARN__DUPLICATE_METHOD_MATCH = YES;
				COPY_PHASE_STRIP = NO;
				DEBUG_INFORMATION_FORMAT = dwarf;
				ENABLE_STRICT_OBJC_MSGSEND = YES;
				ENABLE_TESTABILITY = YES;
				GCC_C_LANGUAGE_STANDARD = gnu11;
				GCC_DYNAMIC_NO_PIC = NO;
				GCC_NO_COMMON_BLOCKS = YES;
				GCC_OPTIMIZATION_LEVEL = 0;
				GCC_PREPROCESSOR_DEFINITIONS = (
					"DEBUG=1",
					"$(inherited)",
				);
				GCC_WARN_64_TO_32_BIT_CONVERSION = YES;
				GCC_WARN_ABOUT_RETURN_TYPE = YES_ERROR;
				GCC_WARN_UNDECLARED_SELECTOR = YES;
				GCC_WARN_UNINITIALIZED_AUTOS = YES_AGGRESSIVE;
				GCC_WARN_UNUSED_FUNCTION = YES;
				GCC_WARN_UNUSED_VARIABLE = YES;
				IPHONEOS_DEPLOYMENT_TARGET = 16.4;
				MTL_ENABLE_DEBUG_INFO = INCLUDE_SOURCE;
				MTL_FAST_MATH = YES;
				ONLY_ACTIVE_ARCH = YES;
				SDKROOT = iphoneos;
				SWIFT_ACTIVE_COMPILATION_CONDITIONS = DEBUG;
				SWIFT_OPTIMIZATION_LEVEL = "-Onone";
			};
			name = Debug;
		};
		094FAC752A98FED60068B3E8 /* Release */ = {
			isa = XCBuildConfiguration;
			buildSettings = {
				ALWAYS_SEARCH_USER_PATHS = NO;
				CLANG_ANALYZER_NONNULL = YES;
				CLANG_ANALYZER_NUMBER_OBJECT_CONVERSION = YES_AGGRESSIVE;
				CLANG_CXX_LANGUAGE_STANDARD = "gnu++20";
				CLANG_ENABLE_MODULES = YES;
				CLANG_ENABLE_OBJC_ARC = YES;
				CLANG_ENABLE_OBJC_WEAK = YES;
				CLANG_WARN_BLOCK_CAPTURE_AUTORELEASING = YES;
				CLANG_WARN_BOOL_CONVERSION = YES;
				CLANG_WARN_COMMA = YES;
				CLANG_WARN_CONSTANT_CONVERSION = YES;
				CLANG_WARN_DEPRECATED_OBJC_IMPLEMENTATIONS = YES;
				CLANG_WARN_DIRECT_OBJC_ISA_USAGE = YES_ERROR;
				CLANG_WARN_DOCUMENTATION_COMMENTS = YES;
				CLANG_WARN_EMPTY_BODY = YES;
				CLANG_WARN_ENUM_CONVERSION = YES;
				CLANG_WARN_INFINITE_RECURSION = YES;
				CLANG_WARN_INT_CONVERSION = YES;
				CLANG_WARN_NON_LITERAL_NULL_CONVERSION = YES;
				CLANG_WARN_OBJC_IMPLICIT_RETAIN_SELF = YES;
				CLANG_WARN_OBJC_LITERAL_CONVERSION = YES;
				CLANG_WARN_OBJC_ROOT_CLASS = YES_ERROR;
				CLANG_WARN_QUOTED_INCLUDE_IN_FRAMEWORK_HEADER = YES;
				CLANG_WARN_RANGE_LOOP_ANALYSIS = YES;
				CLANG_WARN_STRICT_PROTOTYPES = YES;
				CLANG_WARN_SUSPICIOUS_MOVE = YES;
				CLANG_WARN_UNGUARDED_AVAILABILITY = YES_AGGRESSIVE;
				CLANG_WARN_UNREACHABLE_CODE = YES;
				CLANG_WARN__DUPLICATE_METHOD_MATCH = YES;
				COPY_PHASE_STRIP = NO;
				DEBUG_INFORMATION_FORMAT = "dwarf-with-dsym";
				ENABLE_NS_ASSERTIONS = NO;
				ENABLE_STRICT_OBJC_MSGSEND = YES;
				GCC_C_LANGUAGE_STANDARD = gnu11;
				GCC_NO_COMMON_BLOCKS = YES;
				GCC_WARN_64_TO_32_BIT_CONVERSION = YES;
				GCC_WARN_ABOUT_RETURN_TYPE = YES_ERROR;
				GCC_WARN_UNDECLARED_SELECTOR = YES;
				GCC_WARN_UNINITIALIZED_AUTOS = YES_AGGRESSIVE;
				GCC_WARN_UNUSED_FUNCTION = YES;
				GCC_WARN_UNUSED_VARIABLE = YES;
				IPHONEOS_DEPLOYMENT_TARGET = 16.4;
				MTL_ENABLE_DEBUG_INFO = NO;
				MTL_FAST_MATH = YES;
				SDKROOT = iphoneos;
				SWIFT_COMPILATION_MODE = wholemodule;
				SWIFT_OPTIMIZATION_LEVEL = "-O";
				VALIDATE_PRODUCT = YES;
			};
			name = Release;
		};
		094FAC772A98FED60068B3E8 /* Debug */ = {
			isa = XCBuildConfiguration;
			buildSettings = {
				ASSETCATALOG_COMPILER_APPICON_NAME = AppIcon;
				ASSETCATALOG_COMPILER_GLOBAL_ACCENT_COLOR_NAME = AccentColor;
				CODE_SIGN_STYLE = Automatic;
				CURRENT_PROJECT_VERSION = 1;
				GENERATE_INFOPLIST_FILE = YES;
				INFOPLIST_FILE = AvitoTehProject/Resources/Info.plist;
				INFOPLIST_KEY_UIApplicationSupportsIndirectInputEvents = YES;
				INFOPLIST_KEY_UILaunchStoryboardName = LaunchScreen;
				INFOPLIST_KEY_UIMainStoryboardFile = "";
				INFOPLIST_KEY_UISupportedInterfaceOrientations_iPad = "UIInterfaceOrientationPortrait UIInterfaceOrientationPortraitUpsideDown UIInterfaceOrientationLandscapeLeft UIInterfaceOrientationLandscapeRight";
				INFOPLIST_KEY_UISupportedInterfaceOrientations_iPhone = "UIInterfaceOrientationPortrait UIInterfaceOrientationLandscapeLeft UIInterfaceOrientationLandscapeRight";
				LD_RUNPATH_SEARCH_PATHS = (
					"$(inherited)",
					"@executable_path/Frameworks",
				);
				MARKETING_VERSION = 1.0;
				PRODUCT_BUNDLE_IDENTIFIER = "-.AvitoTehProject";
				PRODUCT_NAME = "$(TARGET_NAME)";
				SWIFT_EMIT_LOC_STRINGS = YES;
				SWIFT_VERSION = 5.0;
				TARGETED_DEVICE_FAMILY = "1,2";
			};
			name = Debug;
		};
		094FAC782A98FED60068B3E8 /* Release */ = {
			isa = XCBuildConfiguration;
			buildSettings = {
				ASSETCATALOG_COMPILER_APPICON_NAME = AppIcon;
				ASSETCATALOG_COMPILER_GLOBAL_ACCENT_COLOR_NAME = AccentColor;
				CODE_SIGN_STYLE = Automatic;
				CURRENT_PROJECT_VERSION = 1;
				GENERATE_INFOPLIST_FILE = YES;
				INFOPLIST_FILE = AvitoTehProject/Resources/Info.plist;
				INFOPLIST_KEY_UIApplicationSupportsIndirectInputEvents = YES;
				INFOPLIST_KEY_UILaunchStoryboardName = LaunchScreen;
				INFOPLIST_KEY_UIMainStoryboardFile = "";
				INFOPLIST_KEY_UISupportedInterfaceOrientations_iPad = "UIInterfaceOrientationPortrait UIInterfaceOrientationPortraitUpsideDown UIInterfaceOrientationLandscapeLeft UIInterfaceOrientationLandscapeRight";
				INFOPLIST_KEY_UISupportedInterfaceOrientations_iPhone = "UIInterfaceOrientationPortrait UIInterfaceOrientationLandscapeLeft UIInterfaceOrientationLandscapeRight";
				LD_RUNPATH_SEARCH_PATHS = (
					"$(inherited)",
					"@executable_path/Frameworks",
				);
				MARKETING_VERSION = 1.0;
				PRODUCT_BUNDLE_IDENTIFIER = "-.AvitoTehProject";
				PRODUCT_NAME = "$(TARGET_NAME)";
				SWIFT_EMIT_LOC_STRINGS = YES;
				SWIFT_VERSION = 5.0;
				TARGETED_DEVICE_FAMILY = "1,2";
			};
			name = Release;
		};
		094FAC7A2A98FED60068B3E8 /* Debug */ = {
			isa = XCBuildConfiguration;
			buildSettings = {
				ALWAYS_EMBED_SWIFT_STANDARD_LIBRARIES = YES;
				BUNDLE_LOADER = "$(TEST_HOST)";
				CODE_SIGN_STYLE = Automatic;
				CURRENT_PROJECT_VERSION = 1;
				GENERATE_INFOPLIST_FILE = YES;
				IPHONEOS_DEPLOYMENT_TARGET = 16.4;
				MARKETING_VERSION = 1.0;
				PRODUCT_BUNDLE_IDENTIFIER = "-.AvitoTehProjectTests";
				PRODUCT_NAME = "$(TARGET_NAME)";
				SWIFT_EMIT_LOC_STRINGS = NO;
				SWIFT_VERSION = 5.0;
				TARGETED_DEVICE_FAMILY = "1,2";
				TEST_HOST = "$(BUILT_PRODUCTS_DIR)/AvitoTehProject.app/$(BUNDLE_EXECUTABLE_FOLDER_PATH)/AvitoTehProject";
			};
			name = Debug;
		};
		094FAC7B2A98FED60068B3E8 /* Release */ = {
			isa = XCBuildConfiguration;
			buildSettings = {
				ALWAYS_EMBED_SWIFT_STANDARD_LIBRARIES = YES;
				BUNDLE_LOADER = "$(TEST_HOST)";
				CODE_SIGN_STYLE = Automatic;
				CURRENT_PROJECT_VERSION = 1;
				GENERATE_INFOPLIST_FILE = YES;
				IPHONEOS_DEPLOYMENT_TARGET = 16.4;
				MARKETING_VERSION = 1.0;
				PRODUCT_BUNDLE_IDENTIFIER = "-.AvitoTehProjectTests";
				PRODUCT_NAME = "$(TARGET_NAME)";
				SWIFT_EMIT_LOC_STRINGS = NO;
				SWIFT_VERSION = 5.0;
				TARGETED_DEVICE_FAMILY = "1,2";
				TEST_HOST = "$(BUILT_PRODUCTS_DIR)/AvitoTehProject.app/$(BUNDLE_EXECUTABLE_FOLDER_PATH)/AvitoTehProject";
			};
			name = Release;
		};
		094FAC7D2A98FED60068B3E8 /* Debug */ = {
			isa = XCBuildConfiguration;
			buildSettings = {
				ALWAYS_EMBED_SWIFT_STANDARD_LIBRARIES = YES;
				CODE_SIGN_STYLE = Automatic;
				CURRENT_PROJECT_VERSION = 1;
				GENERATE_INFOPLIST_FILE = YES;
				MARKETING_VERSION = 1.0;
				PRODUCT_BUNDLE_IDENTIFIER = "-.AvitoTehProjectUITests";
				PRODUCT_NAME = "$(TARGET_NAME)";
				SWIFT_EMIT_LOC_STRINGS = NO;
				SWIFT_VERSION = 5.0;
				TARGETED_DEVICE_FAMILY = "1,2";
				TEST_TARGET_NAME = AvitoTehProject;
			};
			name = Debug;
		};
		094FAC7E2A98FED60068B3E8 /* Release */ = {
			isa = XCBuildConfiguration;
			buildSettings = {
				ALWAYS_EMBED_SWIFT_STANDARD_LIBRARIES = YES;
				CODE_SIGN_STYLE = Automatic;
				CURRENT_PROJECT_VERSION = 1;
				GENERATE_INFOPLIST_FILE = YES;
				MARKETING_VERSION = 1.0;
				PRODUCT_BUNDLE_IDENTIFIER = "-.AvitoTehProjectUITests";
				PRODUCT_NAME = "$(TARGET_NAME)";
				SWIFT_EMIT_LOC_STRINGS = NO;
				SWIFT_VERSION = 5.0;
				TARGETED_DEVICE_FAMILY = "1,2";
				TEST_TARGET_NAME = AvitoTehProject;
			};
			name = Release;
		};
/* End XCBuildConfiguration section */

/* Begin XCConfigurationList section */
		094FAC472A98FED40068B3E8 /* Build configuration list for PBXProject "AvitoTehProject" */ = {
			isa = XCConfigurationList;
			buildConfigurations = (
				094FAC742A98FED60068B3E8 /* Debug */,
				094FAC752A98FED60068B3E8 /* Release */,
			);
			defaultConfigurationIsVisible = 0;
			defaultConfigurationName = Release;
		};
		094FAC762A98FED60068B3E8 /* Build configuration list for PBXNativeTarget "AvitoTehProject" */ = {
			isa = XCConfigurationList;
			buildConfigurations = (
				094FAC772A98FED60068B3E8 /* Debug */,
				094FAC782A98FED60068B3E8 /* Release */,
			);
			defaultConfigurationIsVisible = 0;
			defaultConfigurationName = Release;
		};
		094FAC792A98FED60068B3E8 /* Build configuration list for PBXNativeTarget "AvitoTehProjectTests" */ = {
			isa = XCConfigurationList;
			buildConfigurations = (
				094FAC7A2A98FED60068B3E8 /* Debug */,
				094FAC7B2A98FED60068B3E8 /* Release */,
			);
			defaultConfigurationIsVisible = 0;
			defaultConfigurationName = Release;
		};
		094FAC7C2A98FED60068B3E8 /* Build configuration list for PBXNativeTarget "AvitoTehProjectUITests" */ = {
			isa = XCConfigurationList;
			buildConfigurations = (
				094FAC7D2A98FED60068B3E8 /* Debug */,
				094FAC7E2A98FED60068B3E8 /* Release */,
			);
			defaultConfigurationIsVisible = 0;
			defaultConfigurationName = Release;
		};
/* End XCConfigurationList section */

/* Begin XCRemoteSwiftPackageReference section */
		094FAC862A99030B0068B3E8 /* XCRemoteSwiftPackageReference "SnapKit" */ = {
			isa = XCRemoteSwiftPackageReference;
			repositoryURL = "https://github.com/SnapKit/SnapKit.git";
			requirement = {
				kind = upToNextMajorVersion;
				minimumVersion = 5.0.0;
			};
		};
/* End XCRemoteSwiftPackageReference section */

/* Begin XCSwiftPackageProductDependency section */
		094FAC872A99030B0068B3E8 /* SnapKit */ = {
			isa = XCSwiftPackageProductDependency;
			package = 094FAC862A99030B0068B3E8 /* XCRemoteSwiftPackageReference "SnapKit" */;
			productName = SnapKit;
		};
/* End XCSwiftPackageProductDependency section */
	};
	rootObject = 094FAC442A98FED40068B3E8 /* Project object */;
}
